
Microsoft Visual Studio Solution File, Format Version 12.00
# Visual Studio Version 16
VisualStudioVersion = 16.0.30104.148
MinimumVisualStudioVersion = 10.0.40219.1
Project("{FAE04EC0-301F-11D3-BF4B-00C04F79EFBC}") = "ReservationsUpdate", "ReservationsUpdate\ReservationsUpdate.csproj", "{952D421E-EDFD-4DB6-A929-EE316856D52D}"
EndProject
Global
	GlobalSection(SolutionConfigurationPlatforms) = preSolution
		Debug|Any CPU = Debug|Any CPU
		Release|Any CPU = Release|Any CPU
	EndGlobalSection
	GlobalSection(ProjectConfigurationPlatforms) = postSolution
		{952D421E-EDFD-4DB6-A929-EE316856D52D}.Debug|Any CPU.ActiveCfg = Debug|Any CPU
		{952D421E-EDFD-4DB6-A929-EE316856D52D}.Debug|Any CPU.Build.0 = Debug|Any CPU
		{952D421E-EDFD-4DB6-A929-EE316856D52D}.Release|Any CPU.ActiveCfg = Release|Any CPU
		{952D421E-EDFD-4DB6-A929-EE316856D52D}.Release|Any CPU.Build.0 = Release|Any CPU
	EndGlobalSection
	GlobalSection(SolutionProperties) = preSolution
		HideSolutionNode = FALSE
	EndGlobalSection
	GlobalSection(ExtensibilityGlobals) = postSolution
		SolutionGuid = {87E352E0-0325-402C-BA0E-33112A5FE18A}
	EndGlobalSection
EndGlobal
